
Microsoft Visual Studio Solution File, Format Version 12.00
Project("{2150E333-8FDC-42A3-9474-1A3956D46DE8}") = "src", "src", "{F0A81D45-4702-4B04-9EBC-173F10DA5458}"
EndProject
Project("{2150E333-8FDC-42A3-9474-1A3956D46DE8}") = "API", "API", "{BD71B060-B637-4B6E-A457-9337CFA89EE3}"
EndProject
Project("{2150E333-8FDC-42A3-9474-1A3956D46DE8}") = "Solution Items", "Solution Items", "{BB5D8171-EF42-48C3-B7ED-31C893B73CE2}"
	ProjectSection(SolutionItems) = preProject
		compose.yaml = compose.yaml
	EndProjectSection
EndProject
Project("{FAE04EC0-301F-11D3-BF4B-00C04F79EFBC}") = "Evently.Api", "src\API\Evently.Api\Evently.Api.csproj", "{D703AF7D-B2BE-4D7A-83B1-3BBBBC782E51}"
EndProject
Project("{2150E333-8FDC-42A3-9474-1A3956D46DE8}") = "Modules", "Modules", "{E9C7DF8E-DF4B-4535-B627-1B1D01E2DB0C}"
EndProject
Project("{2150E333-8FDC-42A3-9474-1A3956D46DE8}") = "Events", "Events", "{DD27C703-2275-4A3F-B6DA-568C79A082AA}"
EndProject
Project("{FAE04EC0-301F-11D3-BF4B-00C04F79EFBC}") = "Evently.Modules.Events.Domain", "src\Modules\Events\Evently.Modules.Events.Domain\Evently.Modules.Events.Domain.csproj", "{9F80B2F2-528C-4744-817F-C4AB67F3CBF5}"
EndProject
Project("{FAE04EC0-301F-11D3-BF4B-00C04F79EFBC}") = "Evently.Modules.Events.Application", "src\Modules\Events\Evently.Modules.Events.Application\Evently.Modules.Events.Application.csproj", "{3DF3E3C1-EBC8-4A52-A34C-B072CA972027}"
EndProject
Project("{FAE04EC0-301F-11D3-BF4B-00C04F79EFBC}") = "Evently.Modules.Events.Infrastructure", "src\Modules\Events\Evently.Modules.Events.Infrastructure\Evently.Modules.Events.Infrastructure.csproj", "{52C4DC9B-75D0-438A-9694-7A4E60DDD1D4}"
EndProject
Project("{FAE04EC0-301F-11D3-BF4B-00C04F79EFBC}") = "Evently.Modules.Events.Presentation", "src\Modules\Events\Evently.Modules.Events.Presentation\Evently.Modules.Events.Presentation.csproj", "{2C9E121B-B861-4380-A471-2A83E6485BAF}"
EndProject
Project("{2150E333-8FDC-42A3-9474-1A3956D46DE8}") = "Common", "Common", "{5414FEE3-5DE7-4A7B-A979-C4FFAE6ACDB0}"
EndProject
Project("{FAE04EC0-301F-11D3-BF4B-00C04F79EFBC}") = "Evently.Common.Application", "src\Common\Evently.Common.Application\Evently.Common.Application.csproj", "{E3FEF966-21EE-4809-860B-4FD80179341D}"
EndProject
Project("{FAE04EC0-301F-11D3-BF4B-00C04F79EFBC}") = "Evently.Common.Domain", "src\Common\Evently.Common.Domain\Evently.Common.Domain.csproj", "{3DCD2099-5769-4E0D-8382-44B6C6F10066}"
EndProject
Project("{FAE04EC0-301F-11D3-BF4B-00C04F79EFBC}") = "Evently.Common.Infrastructure", "src\Common\Evently.Common.Infrastructure\Evently.Common.Infrastructure.csproj", "{DB2DE48A-C501-4152-9E4F-C2A2388CDEDD}"
EndProject
Project("{FAE04EC0-301F-11D3-BF4B-00C04F79EFBC}") = "Evently.Common.Presentation", "src\Common\Evently.Common.Presentation\Evently.Common.Presentation.csproj", "{42EF0167-D44E-4CF3-9C2D-8470FC745BCD}"
EndProject
Project("{2150E333-8FDC-42A3-9474-1A3956D46DE8}") = "Users", "Users", "{54961D86-67F6-43F0-85B9-46960D27E9D1}"
EndProject
Project("{FAE04EC0-301F-11D3-BF4B-00C04F79EFBC}") = "Evently.Modules.Users.Application", "src\Modules\Users\Evently.Modules.Users.Application\Evently.Modules.Users.Application.csproj", "{C1F8F0ED-DAD5-4206-9DE6-A3095E404E3E}"
EndProject
Project("{FAE04EC0-301F-11D3-BF4B-00C04F79EFBC}") = "Evently.Modules.Users.Domain", "src\Modules\Users\Evently.Modules.Users.Domain\Evently.Modules.Users.Domain.csproj", "{32A2043F-A313-431C-9916-FED1ADB6537A}"
EndProject
Project("{FAE04EC0-301F-11D3-BF4B-00C04F79EFBC}") = "Evently.Modules.Users.Infrastructure", "src\Modules\Users\Evently.Modules.Users.Infrastructure\Evently.Modules.Users.Infrastructure.csproj", "{7FC7B80D-9391-465E-88B7-2712535A6374}"
EndProject
Project("{FAE04EC0-301F-11D3-BF4B-00C04F79EFBC}") = "Evently.Modules.Users.Presentation", "src\Modules\Users\Evently.Modules.Users.Presentation\Evently.Modules.Users.Presentation.csproj", "{02ECC3F3-8C91-4AF6-A7DB-18B8C5101FBD}"
EndProject
Project("{2150E333-8FDC-42A3-9474-1A3956D46DE8}") = "Ticketing", "Ticketing", "{CE4DD13B-12C1-48B8-8833-9AB91D882AE4}"
EndProject
Project("{FAE04EC0-301F-11D3-BF4B-00C04F79EFBC}") = "Evently.Modules.Ticketing.Application", "src\Modules\Ticketing\Evently.Modules.Ticketing.Application\Evently.Modules.Ticketing.Application.csproj", "{66DEC65F-0C13-45DF-97E0-1C3C8CEBC1C2}"
EndProject
Project("{FAE04EC0-301F-11D3-BF4B-00C04F79EFBC}") = "Evently.Modules.Ticketing.Domain", "src\Modules\Ticketing\Evently.Modules.Ticketing.Domain\Evently.Modules.Ticketing.Domain.csproj", "{A1618B01-A760-4769-81A8-D02A64EAE792}"
EndProject
Project("{FAE04EC0-301F-11D3-BF4B-00C04F79EFBC}") = "Evently.Modules.Ticketing.Infrastructure", "src\Modules\Ticketing\Evently.Modules.Ticketing.Infrastructure\Evently.Modules.Ticketing.Infrastructure.csproj", "{DA7F108F-D1CC-498A-ABF7-4D18DEE28B7E}"
EndProject
Project("{FAE04EC0-301F-11D3-BF4B-00C04F79EFBC}") = "Evently.Modules.Ticketing.Presentation", "src\Modules\Ticketing\Evently.Modules.Ticketing.Presentation\Evently.Modules.Ticketing.Presentation.csproj", "{FC98109E-FDBF-4430-98D5-92011B0CE98B}"
EndProject
Project("{FAE04EC0-301F-11D3-BF4B-00C04F79EFBC}") = "Evently.Modules.Events.PublicApi", "src\Modules\Events\Evently.Modules.Events.PublicApi\Evently.Modules.Events.PublicApi.csproj", "{56DC2A8E-4FA7-4D57-94AA-DBF74B759BE8}"
EndProject
Project("{FAE04EC0-301F-11D3-BF4B-00C04F79EFBC}") = "Evently.Modules.Users.IntegrationEvents", "src\Modules\Users\Evently.Modules.Users.IntegrationEvents\Evently.Modules.Users.IntegrationEvents.csproj", "{6F4E1170-810A-4891-A215-A4DC857C3458}"
EndProject
Global
	GlobalSection(SolutionConfigurationPlatforms) = preSolution
		Debug|Any CPU = Debug|Any CPU
		Release|Any CPU = Release|Any CPU
	EndGlobalSection
	GlobalSection(NestedProjects) = preSolution
		{BD71B060-B637-4B6E-A457-9337CFA89EE3} = {F0A81D45-4702-4B04-9EBC-173F10DA5458}
		{D703AF7D-B2BE-4D7A-83B1-3BBBBC782E51} = {BD71B060-B637-4B6E-A457-9337CFA89EE3}
		{E9C7DF8E-DF4B-4535-B627-1B1D01E2DB0C} = {F0A81D45-4702-4B04-9EBC-173F10DA5458}
		{DD27C703-2275-4A3F-B6DA-568C79A082AA} = {E9C7DF8E-DF4B-4535-B627-1B1D01E2DB0C}
		{9F80B2F2-528C-4744-817F-C4AB67F3CBF5} = {DD27C703-2275-4A3F-B6DA-568C79A082AA}
		{3DF3E3C1-EBC8-4A52-A34C-B072CA972027} = {DD27C703-2275-4A3F-B6DA-568C79A082AA}
		{52C4DC9B-75D0-438A-9694-7A4E60DDD1D4} = {DD27C703-2275-4A3F-B6DA-568C79A082AA}
		{2C9E121B-B861-4380-A471-2A83E6485BAF} = {DD27C703-2275-4A3F-B6DA-568C79A082AA}
		{5414FEE3-5DE7-4A7B-A979-C4FFAE6ACDB0} = {F0A81D45-4702-4B04-9EBC-173F10DA5458}
		{E3FEF966-21EE-4809-860B-4FD80179341D} = {5414FEE3-5DE7-4A7B-A979-C4FFAE6ACDB0}
		{3DCD2099-5769-4E0D-8382-44B6C6F10066} = {5414FEE3-5DE7-4A7B-A979-C4FFAE6ACDB0}
		{DB2DE48A-C501-4152-9E4F-C2A2388CDEDD} = {5414FEE3-5DE7-4A7B-A979-C4FFAE6ACDB0}
		{42EF0167-D44E-4CF3-9C2D-8470FC745BCD} = {5414FEE3-5DE7-4A7B-A979-C4FFAE6ACDB0}
		{54961D86-67F6-43F0-85B9-46960D27E9D1} = {E9C7DF8E-DF4B-4535-B627-1B1D01E2DB0C}
		{C1F8F0ED-DAD5-4206-9DE6-A3095E404E3E} = {54961D86-67F6-43F0-85B9-46960D27E9D1}
		{32A2043F-A313-431C-9916-FED1ADB6537A} = {54961D86-67F6-43F0-85B9-46960D27E9D1}
		{7FC7B80D-9391-465E-88B7-2712535A6374} = {54961D86-67F6-43F0-85B9-46960D27E9D1}
		{02ECC3F3-8C91-4AF6-A7DB-18B8C5101FBD} = {54961D86-67F6-43F0-85B9-46960D27E9D1}
		{CE4DD13B-12C1-48B8-8833-9AB91D882AE4} = {E9C7DF8E-DF4B-4535-B627-1B1D01E2DB0C}
		{66DEC65F-0C13-45DF-97E0-1C3C8CEBC1C2} = {CE4DD13B-12C1-48B8-8833-9AB91D882AE4}
		{A1618B01-A760-4769-81A8-D02A64EAE792} = {CE4DD13B-12C1-48B8-8833-9AB91D882AE4}
		{DA7F108F-D1CC-498A-ABF7-4D18DEE28B7E} = {CE4DD13B-12C1-48B8-8833-9AB91D882AE4}
		{FC98109E-FDBF-4430-98D5-92011B0CE98B} = {CE4DD13B-12C1-48B8-8833-9AB91D882AE4}
		{56DC2A8E-4FA7-4D57-94AA-DBF74B759BE8} = {DD27C703-2275-4A3F-B6DA-568C79A082AA}
		{6F4E1170-810A-4891-A215-A4DC857C3458} = {54961D86-67F6-43F0-85B9-46960D27E9D1}
	EndGlobalSection
	GlobalSection(ProjectConfigurationPlatforms) = postSolution
		{D703AF7D-B2BE-4D7A-83B1-3BBBBC782E51}.Debug|Any CPU.ActiveCfg = Debug|Any CPU
		{D703AF7D-B2BE-4D7A-83B1-3BBBBC782E51}.Debug|Any CPU.Build.0 = Debug|Any CPU
		{D703AF7D-B2BE-4D7A-83B1-3BBBBC782E51}.Release|Any CPU.ActiveCfg = Release|Any CPU
		{D703AF7D-B2BE-4D7A-83B1-3BBBBC782E51}.Release|Any CPU.Build.0 = Release|Any CPU
		{9F80B2F2-528C-4744-817F-C4AB67F3CBF5}.Debug|Any CPU.ActiveCfg = Debug|Any CPU
		{9F80B2F2-528C-4744-817F-C4AB67F3CBF5}.Debug|Any CPU.Build.0 = Debug|Any CPU
		{9F80B2F2-528C-4744-817F-C4AB67F3CBF5}.Release|Any CPU.ActiveCfg = Release|Any CPU
		{9F80B2F2-528C-4744-817F-C4AB67F3CBF5}.Release|Any CPU.Build.0 = Release|Any CPU
		{3DF3E3C1-EBC8-4A52-A34C-B072CA972027}.Debug|Any CPU.ActiveCfg = Debug|Any CPU
		{3DF3E3C1-EBC8-4A52-A34C-B072CA972027}.Debug|Any CPU.Build.0 = Debug|Any CPU
		{3DF3E3C1-EBC8-4A52-A34C-B072CA972027}.Release|Any CPU.ActiveCfg = Release|Any CPU
		{3DF3E3C1-EBC8-4A52-A34C-B072CA972027}.Release|Any CPU.Build.0 = Release|Any CPU
		{52C4DC9B-75D0-438A-9694-7A4E60DDD1D4}.Debug|Any CPU.ActiveCfg = Debug|Any CPU
		{52C4DC9B-75D0-438A-9694-7A4E60DDD1D4}.Debug|Any CPU.Build.0 = Debug|Any CPU
		{52C4DC9B-75D0-438A-9694-7A4E60DDD1D4}.Release|Any CPU.ActiveCfg = Release|Any CPU
		{52C4DC9B-75D0-438A-9694-7A4E60DDD1D4}.Release|Any CPU.Build.0 = Release|Any CPU
		{2C9E121B-B861-4380-A471-2A83E6485BAF}.Debug|Any CPU.ActiveCfg = Debug|Any CPU
		{2C9E121B-B861-4380-A471-2A83E6485BAF}.Debug|Any CPU.Build.0 = Debug|Any CPU
		{2C9E121B-B861-4380-A471-2A83E6485BAF}.Release|Any CPU.ActiveCfg = Release|Any CPU
		{2C9E121B-B861-4380-A471-2A83E6485BAF}.Release|Any CPU.Build.0 = Release|Any CPU
		{E3FEF966-21EE-4809-860B-4FD80179341D}.Debug|Any CPU.ActiveCfg = Debug|Any CPU
		{E3FEF966-21EE-4809-860B-4FD80179341D}.Debug|Any CPU.Build.0 = Debug|Any CPU
		{E3FEF966-21EE-4809-860B-4FD80179341D}.Release|Any CPU.ActiveCfg = Release|Any CPU
		{E3FEF966-21EE-4809-860B-4FD80179341D}.Release|Any CPU.Build.0 = Release|Any CPU
		{3DCD2099-5769-4E0D-8382-44B6C6F10066}.Debug|Any CPU.ActiveCfg = Debug|Any CPU
		{3DCD2099-5769-4E0D-8382-44B6C6F10066}.Debug|Any CPU.Build.0 = Debug|Any CPU
		{3DCD2099-5769-4E0D-8382-44B6C6F10066}.Release|Any CPU.ActiveCfg = Release|Any CPU
		{3DCD2099-5769-4E0D-8382-44B6C6F10066}.Release|Any CPU.Build.0 = Release|Any CPU
		{DB2DE48A-C501-4152-9E4F-C2A2388CDEDD}.Debug|Any CPU.ActiveCfg = Debug|Any CPU
		{DB2DE48A-C501-4152-9E4F-C2A2388CDEDD}.Debug|Any CPU.Build.0 = Debug|Any CPU
		{DB2DE48A-C501-4152-9E4F-C2A2388CDEDD}.Release|Any CPU.ActiveCfg = Release|Any CPU
		{DB2DE48A-C501-4152-9E4F-C2A2388CDEDD}.Release|Any CPU.Build.0 = Release|Any CPU
		{42EF0167-D44E-4CF3-9C2D-8470FC745BCD}.Debug|Any CPU.ActiveCfg = Debug|Any CPU
		{42EF0167-D44E-4CF3-9C2D-8470FC745BCD}.Debug|Any CPU.Build.0 = Debug|Any CPU
		{42EF0167-D44E-4CF3-9C2D-8470FC745BCD}.Release|Any CPU.ActiveCfg = Release|Any CPU
		{42EF0167-D44E-4CF3-9C2D-8470FC745BCD}.Release|Any CPU.Build.0 = Release|Any CPU
		{C1F8F0ED-DAD5-4206-9DE6-A3095E404E3E}.Debug|Any CPU.ActiveCfg = Debug|Any CPU
		{C1F8F0ED-DAD5-4206-9DE6-A3095E404E3E}.Debug|Any CPU.Build.0 = Debug|Any CPU
		{C1F8F0ED-DAD5-4206-9DE6-A3095E404E3E}.Release|Any CPU.ActiveCfg = Release|Any CPU
		{C1F8F0ED-DAD5-4206-9DE6-A3095E404E3E}.Release|Any CPU.Build.0 = Release|Any CPU
		{32A2043F-A313-431C-9916-FED1ADB6537A}.Debug|Any CPU.ActiveCfg = Debug|Any CPU
		{32A2043F-A313-431C-9916-FED1ADB6537A}.Debug|Any CPU.Build.0 = Debug|Any CPU
		{32A2043F-A313-431C-9916-FED1ADB6537A}.Release|Any CPU.ActiveCfg = Release|Any CPU
		{32A2043F-A313-431C-9916-FED1ADB6537A}.Release|Any CPU.Build.0 = Release|Any CPU
		{7FC7B80D-9391-465E-88B7-2712535A6374}.Debug|Any CPU.ActiveCfg = Debug|Any CPU
		{7FC7B80D-9391-465E-88B7-2712535A6374}.Debug|Any CPU.Build.0 = Debug|Any CPU
		{7FC7B80D-9391-465E-88B7-2712535A6374}.Release|Any CPU.ActiveCfg = Release|Any CPU
		{7FC7B80D-9391-465E-88B7-2712535A6374}.Release|Any CPU.Build.0 = Release|Any CPU
		{02ECC3F3-8C91-4AF6-A7DB-18B8C5101FBD}.Debug|Any CPU.ActiveCfg = Debug|Any CPU
		{02ECC3F3-8C91-4AF6-A7DB-18B8C5101FBD}.Debug|Any CPU.Build.0 = Debug|Any CPU
		{02ECC3F3-8C91-4AF6-A7DB-18B8C5101FBD}.Release|Any CPU.ActiveCfg = Release|Any CPU
		{02ECC3F3-8C91-4AF6-A7DB-18B8C5101FBD}.Release|Any CPU.Build.0 = Release|Any CPU
		{66DEC65F-0C13-45DF-97E0-1C3C8CEBC1C2}.Debug|Any CPU.ActiveCfg = Debug|Any CPU
		{66DEC65F-0C13-45DF-97E0-1C3C8CEBC1C2}.Debug|Any CPU.Build.0 = Debug|Any CPU
		{66DEC65F-0C13-45DF-97E0-1C3C8CEBC1C2}.Release|Any CPU.ActiveCfg = Release|Any CPU
		{66DEC65F-0C13-45DF-97E0-1C3C8CEBC1C2}.Release|Any CPU.Build.0 = Release|Any CPU
		{A1618B01-A760-4769-81A8-D02A64EAE792}.Debug|Any CPU.ActiveCfg = Debug|Any CPU
		{A1618B01-A760-4769-81A8-D02A64EAE792}.Debug|Any CPU.Build.0 = Debug|Any CPU
		{A1618B01-A760-4769-81A8-D02A64EAE792}.Release|Any CPU.ActiveCfg = Release|Any CPU
		{A1618B01-A760-4769-81A8-D02A64EAE792}.Release|Any CPU.Build.0 = Release|Any CPU
		{DA7F108F-D1CC-498A-ABF7-4D18DEE28B7E}.Debug|Any CPU.ActiveCfg = Debug|Any CPU
		{DA7F108F-D1CC-498A-ABF7-4D18DEE28B7E}.Debug|Any CPU.Build.0 = Debug|Any CPU
		{DA7F108F-D1CC-498A-ABF7-4D18DEE28B7E}.Release|Any CPU.ActiveCfg = Release|Any CPU
		{DA7F108F-D1CC-498A-ABF7-4D18DEE28B7E}.Release|Any CPU.Build.0 = Release|Any CPU
		{FC98109E-FDBF-4430-98D5-92011B0CE98B}.Debug|Any CPU.ActiveCfg = Debug|Any CPU
		{FC98109E-FDBF-4430-98D5-92011B0CE98B}.Debug|Any CPU.Build.0 = Debug|Any CPU
		{FC98109E-FDBF-4430-98D5-92011B0CE98B}.Release|Any CPU.ActiveCfg = Release|Any CPU
		{FC98109E-FDBF-4430-98D5-92011B0CE98B}.Release|Any CPU.Build.0 = Release|Any CPU
		{56DC2A8E-4FA7-4D57-94AA-DBF74B759BE8}.Debug|Any CPU.ActiveCfg = Debug|Any CPU
		{56DC2A8E-4FA7-4D57-94AA-DBF74B759BE8}.Debug|Any CPU.Build.0 = Debug|Any CPU
		{56DC2A8E-4FA7-4D57-94AA-DBF74B759BE8}.Release|Any CPU.ActiveCfg = Release|Any CPU
		{56DC2A8E-4FA7-4D57-94AA-DBF74B759BE8}.Release|Any CPU.Build.0 = Release|Any CPU
		{6F4E1170-810A-4891-A215-A4DC857C3458}.Debug|Any CPU.ActiveCfg = Debug|Any CPU
		{6F4E1170-810A-4891-A215-A4DC857C3458}.Debug|Any CPU.Build.0 = Debug|Any CPU
		{6F4E1170-810A-4891-A215-A4DC857C3458}.Release|Any CPU.ActiveCfg = Release|Any CPU
		{6F4E1170-810A-4891-A215-A4DC857C3458}.Release|Any CPU.Build.0 = Release|Any CPU
	EndGlobalSection
EndGlobal
